
Microsoft Visual Studio Solution File, Format Version 12.00
# Visual Studio 15
VisualStudioVersion = 15.0.28307.645
MinimumVisualStudioVersion = 10.0.40219.1
Project("{8BC9CEB8-8B4A-11D0-8D11-00A0C91BC942}") = "FileSystem", "FileSystem.vcxproj", "{3474505C-4F36-42D9-9B07-64EDB00FF2D9}"
EndProject
Global
	GlobalSection(SolutionConfigurationPlatforms) = preSolution
		Debug|x64 = Debug|x64
		Debug|x86 = Debug|x86
		Release|x64 = Release|x64
		Release|x86 = Release|x86
	EndGlobalSection
	GlobalSection(ProjectConfigurationPlatforms) = postSolution
		{3474505C-4F36-42D9-9B07-64EDB00FF2D9}.Debug|x64.ActiveCfg = Debug|x64
		{3474505C-4F36-42D9-9B07-64EDB00FF2D9}.Debug|x64.Build.0 = Debug|x64
		{3474505C-4F36-42D9-9B07-64EDB00FF2D9}.Debug|x86.ActiveCfg = Debug|Win32
		{3474505C-4F36-42D9-9B07-64EDB00FF2D9}.Debug|x86.Build.0 = Debug|Win32
		{3474505C-4F36-42D9-9B07-64EDB00FF2D9}.Release|x64.ActiveCfg = Release|x64
		{3474505C-4F36-42D9-9B07-64EDB00FF2D9}.Release|x64.Build.0 = Release|x64
		{3474505C-4F36-42D9-9B07-64EDB00FF2D9}.Release|x86.ActiveCfg = Release|Win32
		{3474505C-4F36-42D9-9B07-64EDB00FF2D9}.Release|x86.Build.0 = Release|Win32
	EndGlobalSection
	GlobalSection(SolutionProperties) = preSolution
		HideSolutionNode = FALSE
	EndGlobalSection
	GlobalSection(ExtensibilityGlobals) = postSolution
		SolutionGuid = {25E98A77-A05A-4A0B-99A3-754D8DE269C7}
	EndGlobalSection
EndGlobal
