
Microsoft Visual Studio Solution File, Format Version 12.00
# Visual Studio Version 16
VisualStudioVersion = 16.0.30621.155
MinimumVisualStudioVersion = 10.0.40219.1
Project("{8BC9CEB8-8B4A-11D0-8D11-00A0C91BC942}") = "ConsoleApplication1", "ConsoleApplication1\ConsoleApplication1.vcxproj", "{2ABA24C1-5611-4053-AB15-8F18D799FC51}"
EndProject
Global
	GlobalSection(SolutionConfigurationPlatforms) = preSolution
		Debug|x64 = Debug|x64
		Debug|x86 = Debug|x86
		Release|x64 = Release|x64
		Release|x86 = Release|x86
	EndGlobalSection
	GlobalSection(ProjectConfigurationPlatforms) = postSolution
		{2ABA24C1-5611-4053-AB15-8F18D799FC51}.Debug|x64.ActiveCfg = Debug|x64
		{2ABA24C1-5611-4053-AB15-8F18D799FC51}.Debug|x64.Build.0 = Debug|x64
		{2ABA24C1-5611-4053-AB15-8F18D799FC51}.Debug|x86.ActiveCfg = Debug|Win32
		{2ABA24C1-5611-4053-AB15-8F18D799FC51}.Debug|x86.Build.0 = Debug|Win32
		{2ABA24C1-5611-4053-AB15-8F18D799FC51}.Release|x64.ActiveCfg = Release|x64
		{2ABA24C1-5611-4053-AB15-8F18D799FC51}.Release|x64.Build.0 = Release|x64
		{2ABA24C1-5611-4053-AB15-8F18D799FC51}.Release|x86.ActiveCfg = Release|Win32
		{2ABA24C1-5611-4053-AB15-8F18D799FC51}.Release|x86.Build.0 = Release|Win32
	EndGlobalSection
	GlobalSection(SolutionProperties) = preSolution
		HideSolutionNode = FALSE
	EndGlobalSection
	GlobalSection(ExtensibilityGlobals) = postSolution
		SolutionGuid = {D147DF9A-23D5-4AD0-B6FE-3CAB1C62E2F8}
	EndGlobalSection
EndGlobal
